
Microsoft Visual Studio Solution File, Format Version 12.00
# Visual Studio Version 16
VisualStudioVersion = 16.0.30011.22
MinimumVisualStudioVersion = 10.0.40219.1
Project("{FAE04EC0-301F-11D3-BF4B-00C04F79EFBC}") = "FleetMiningLedger", "FleetMiningLedger\FleetMiningLedger.csproj", "{42D70B13-C6AA-4F8A-9E15-028990F92CB7}"
EndProject
Global
	GlobalSection(SolutionConfigurationPlatforms) = preSolution
		Debug|Any CPU = Debug|Any CPU
		Release|Any CPU = Release|Any CPU
	EndGlobalSection
	GlobalSection(ProjectConfigurationPlatforms) = postSolution
		{42D70B13-C6AA-4F8A-9E15-028990F92CB7}.Debug|Any CPU.ActiveCfg = Debug|Any CPU
		{42D70B13-C6AA-4F8A-9E15-028990F92CB7}.Debug|Any CPU.Build.0 = Debug|Any CPU
		{42D70B13-C6AA-4F8A-9E15-028990F92CB7}.Release|Any CPU.ActiveCfg = Release|Any CPU
		{42D70B13-C6AA-4F8A-9E15-028990F92CB7}.Release|Any CPU.Build.0 = Release|Any CPU
	EndGlobalSection
	GlobalSection(SolutionProperties) = preSolution
		HideSolutionNode = FALSE
	EndGlobalSection
	GlobalSection(ExtensibilityGlobals) = postSolution
		SolutionGuid = {58E10F68-A521-4DC5-9CCC-676AEE72A981}
	EndGlobalSection
EndGlobal
